%{
  "bunch": {:hex, :bunch, "0.1.2", "2389a4bcdb62382fbfeed9e19952cc22452dc0c01b4bcac941cce00ef212d7b4", [:mix], [], "hexpm"},
  "bunch_native": {:hex, :bunch_native, "0.1.1", "9895b2cf5e5c6847af5de80c8d485ea9c69021a21e74c7237ab64e7a225c06c2", [:mix], [{:bundlex, "~> 0.1", [hex: :bundlex, repo: "hexpm", optional: false]}], "hexpm"},
  "bundlex": {:hex, :bundlex, "0.1.3", "f55cce979fe656e48ae7fc4d36a90c65fce907632d65b54828388735a71b840b", [:mix], [{:porcelain, "~> 2.0", [hex: :porcelain, repo: "hexpm", optional: false]}], "hexpm"},
  "earmark": {:hex, :earmark, "1.2.6", "b6da42b3831458d3ecc57314dff3051b080b9b2be88c2e5aa41cd642a5b044ed", [:mix], [], "hexpm"},
  "ex_doc": {:hex, :ex_doc, "0.19.1", "519bb9c19526ca51d326c060cb1778d4a9056b190086a8c6c115828eaccea6cf", [:mix], [{:earmark, "~> 1.1", [hex: :earmark, repo: "hexpm", optional: false]}, {:makeup_elixir, "~> 0.7", [hex: :makeup_elixir, repo: "hexpm", optional: false]}], "hexpm"},
  "makeup": {:hex, :makeup, "0.5.5", "9e08dfc45280c5684d771ad58159f718a7b5788596099bdfb0284597d368a882", [:mix], [{:nimble_parsec, "~> 0.4", [hex: :nimble_parsec, repo: "hexpm", optional: false]}], "hexpm"},
  "makeup_elixir": {:hex, :makeup_elixir, "0.10.0", "0f09c2ddf352887a956d84f8f7e702111122ca32fbbc84c2f0569b8b65cbf7fa", [:mix], [{:makeup, "~> 0.5.5", [hex: :makeup, repo: "hexpm", optional: false]}], "hexpm"},
  "membrane_common_c": {:git, "https://github.com/membraneframework/membrane-common-c.git", "7c5b720426e329fc3b42ef49b6db0f29b39b5a8f", []},
  "membrane_core": {:git, "https://github.com/membraneframework/membrane-core.git", "6512aef63d841f6f442fcf6b2562af24bac21d0f", []},
  "nimble_parsec": {:hex, :nimble_parsec, "0.4.0", "ee261bb53214943679422be70f1658fff573c5d0b0a1ecd0f18738944f818efe", [:mix], [], "hexpm"},
  "porcelain": {:hex, :porcelain, "2.0.3", "2d77b17d1f21fed875b8c5ecba72a01533db2013bd2e5e62c6d286c029150fdc", [:mix], [], "hexpm"},
  "qex": {:hex, :qex, "0.4.0", "43516761a2d278755d5f6da28eab86ddb0808bca90c1e186ec89a3ea26855928", [:mix], [], "hexpm"},
  "shmex": {:hex, :shmex, "0.1.2", "c12c11b7bf315589d7aef4de1030e5d15c72c25a828624daf81d76a50ce894c2", [:mix], [{:bunch, "~> 0.1.2", [hex: :bunch, repo: "hexpm", optional: false]}, {:bunch_native, "~> 0.1.1", [hex: :bunch_native, repo: "hexpm", optional: false]}, {:bundlex, "~> 0.1.3", [hex: :bundlex, repo: "hexpm", optional: false]}], "hexpm"},
}
