%{
  "bunch": {:hex, :bunch, "1.3.0", "51b4423088b7fb9e21eae6d6bc5e5d219d955ea5556fbd6130bfb6213df4be32", [:mix], [], "hexpm", "9ad233a2bacc0dae8aa6553a9b9057f27446443b1c5903c3479b6f9f3820ce2d"},
  "bunch_native": {:hex, :bunch_native, "0.2.1", "0227d2a751a32f8c0b77dfec57c8dc7216351720c9c755c467e6d9387467fd1f", [:mix], [{:bundlex, "~> 0.2.7", [hex: :bundlex, repo: "hexpm", optional: false]}], "hexpm", "f0819b2f9f78086447ac7459a8e7b6e25ad535b9d3a4f9469253c552137de6b4"},
  "bundlex": {:hex, :bundlex, "0.2.8", "0f4530bf24a2ebb92f2e360111319aae6fc6eb03c6ec5054b529d9ffb78811fa", [:mix], [{:bunch, "~> 1.0", [hex: :bunch, repo: "hexpm", optional: false]}, {:qex, "~> 0.5", [hex: :qex, repo: "hexpm", optional: false]}, {:secure_random, "~> 0.5", [hex: :secure_random, repo: "hexpm", optional: false]}], "hexpm", "d583b04ea679297aa08ad2b31866c4848fd99feea036bf5af59df71e2408b096"},
  "qex": {:hex, :qex, "0.5.0", "5a3a9becf67d4006377c4c247ffdaaa8ae5b3634a0caadb788dc24d6125068f4", [:mix], [], "hexpm", "4ad6f6421163cd8204509a119a5c9813cbb969cfb8d802a9dc49b968bffbac2a"},
  "secure_random": {:hex, :secure_random, "0.5.1", "c5532b37c89d175c328f5196a0c2a5680b15ebce3e654da37129a9fe40ebf51b", [:mix], [], "hexpm", "1b9754f15e3940a143baafd19da12293f100044df69ea12db5d72878312ae6ab"},
  "shmex": {:hex, :shmex, "0.2.1", "f60f4edc85e514d131ceff1acd37a2b3ff8e77c88d7c04a05b8ab2ba454a1a40", [:mix], [{:bunch_native, "~> 0.2.0", [hex: :bunch_native, repo: "hexpm", optional: false]}, {:bundlex, "~> 0.2.8", [hex: :bundlex, repo: "hexpm", optional: false]}], "hexpm", "8e75c2e2fd5735b57a66384ee4e9adb2888675074eacf01c63b71032387d4c65"},
}
